
Microsoft Visual Studio Solution File, Format Version 12.00
# Visual Studio 15
VisualStudioVersion = 15.0.26228.12
MinimumVisualStudioVersion = 10.0.40219.1
Project("{FAE04EC0-301F-11D3-BF4B-00C04F79EFBC}") = "WinFormExam001", "WinFormExam001\WinFormExam001.csproj", "{24E20EB7-B599-41B7-B80E-5AA986C188ED}"
EndProject
Global
	GlobalSection(SolutionConfigurationPlatforms) = preSolution
		Debug|Any CPU = Debug|Any CPU
		Release|Any CPU = Release|Any CPU
	EndGlobalSection
	GlobalSection(ProjectConfigurationPlatforms) = postSolution
		{24E20EB7-B599-41B7-B80E-5AA986C188ED}.Debug|Any CPU.ActiveCfg = Debug|Any CPU
		{24E20EB7-B599-41B7-B80E-5AA986C188ED}.Debug|Any CPU.Build.0 = Debug|Any CPU
		{24E20EB7-B599-41B7-B80E-5AA986C188ED}.Release|Any CPU.ActiveCfg = Release|Any CPU
		{24E20EB7-B599-41B7-B80E-5AA986C188ED}.Release|Any CPU.Build.0 = Release|Any CPU
	EndGlobalSection
	GlobalSection(SolutionProperties) = preSolution
		HideSolutionNode = FALSE
	EndGlobalSection
EndGlobal
